{
  "lockfile_version": "1",
  "packages": {
    "awscli2@latest": {
      "last_modified": "2026-05-21T08:15:18Z",
      "resolved": "github:NixOS/nixpkgs/4a29d733e8a7d5b824c3d8c958a946a9867b3eb2#awscli2",
      "source": "devbox-search",
      "version": "2.34.24",
      "systems": {
        "aarch64-darwin": {
          "outputs": [
            {
              "name": "out",
              "path": "/nix/store/w5lflgz514vbsl45vc63qrfw37swrklm-awscli2-2.34.24",
              "default": true
            },
            {
              "name": "dist",
              "path": "/nix/store/gnfvy1z0izf2p4rwvjna803fpsvzjdb1-awscli2-2.34.24-dist"
            }
          ],
          "store_path": "/nix/store/w5lflgz514vbsl45vc63qrfw37swrklm-awscli2-2.34.24"
        },
        "aarch64-linux": {
          "outputs": [
            {
              "name": "out",
              "path": "/nix/store/6mpssrq9lmawn3ncwyyj0lnlv5smbnvx-awscli2-2.34.24",
              "default": true
            },
            {
              "name": "dist",
              "path": "/nix/store/9acg1jrvac2sqcwss8878jmxl34ybn51-awscli2-2.34.24-dist"
            }
          ],
          "store_path": "/nix/store/6mpssrq9lmawn3ncwyyj0lnlv5smbnvx-awscli2-2.34.24"
        },
        "x86_64-darwin": {
          "outputs": [
            {
              "name": "out",
              "path": "/nix/store/6xz79kc9jji7m9qxsv33bslv4p737z1n-awscli2-2.34.24",
              "default": true
            },
            {
              "name": "dist",
              "path": "/nix/store/j15v56g8yxsq7yc6m5lkhkhh448p2rhn-awscli2-2.34.24-dist"
            }
          ],
          "store_path": "/nix/store/6xz79kc9jji7m9qxsv33bslv4p737z1n-awscli2-2.34.24"
        },
        "x86_64-linux": {
          "outputs": [
            {
              "name": "out",
              "path": "/nix/store/1kxvaj17xxfl0dznykiqn2ikscajpwag-awscli2-2.34.24",
              "default": true
            },
            {
              "name": "dist",
              "path": "/nix/store/d61f9km3qfzb3xwa1nzd662ii8607zdh-awscli2-2.34.24-dist"
            }
          ],
          "store_path": "/nix/store/1kxvaj17xxfl0dznykiqn2ikscajpwag-awscli2-2.34.24"
        }
      }
    },
    "cargo@latest": {
      "last_modified": "2026-08-27T07:16:00Z",
      "resolved": "github:NixOS/nixpkgs/c27cdad491a991b11ed731760aa2ef8db0cb0410#cargo",
      "source": "devbox-search",
      "version": "1.97.1",
      "systems": {
        "aarch64-darwin": {
          "outputs": [
            {
              "name": "out",
              "path": "/nix/store/cvd2pzmgq4pr7kkzx2zmya47fqd70sqa-cargo-1.97.1",
              "default": true
            }
          ],
          "store_path": "/nix/store/cvd2pzmgq4pr7kkzx2zmya47fqd70sqa-cargo-1.97.1"
        },
        "aarch64-linux": {
          "outputs": [
            {
              "name": "out",
              "path": "/nix/store/z64fp7fjfy9zr3xn7prdidi4gww213d5-cargo-1.97.1",
              "default": true
            }
          ],
          "store_path": "/nix/store/z64fp7fjfy9zr3xn7prdidi4gww213d5-cargo-1.97.1"
        },
        "x86_64-linux": {
          "outputs": [
            {
              "name": "out",
              "path": "/nix/store/dv55qwamlq68hdiprg1v104ymwh1c27r-cargo-1.97.1",
              "default": true
            }
          ],
          "store_path": "/nix/store/dv55qwamlq68hdiprg1v104ymwh1c27r-cargo-1.97.1"
        }
      }
    },
    "github:NixOS/nixpkgs/nixpkgs-unstable": {
      "last_modified": "2026-05-31T16:57:23Z",
      "resolved": "github:NixOS/nixpkgs/3109eaae18e09d0b8aef23dc2579e7d94b8d4b4e?lastModified=1780246643&narHash=sha256-4T1KWX7xWGQMs9hNZ24IOY3aYOi8D6%2B5WtkNRBSttB8%3D"
    },
    "go@latest": {
      "last_modified": "2026-05-21T08:15:18Z",
      "resolved": "github:NixOS/nixpkgs/4a29d733e8a7d5b824c3d8c958a946a9867b3eb2#go",
      "source": "devbox-search",
      "version": "1.26.3",
      "systems": {
        "aarch64-darwin": {
          "outputs": [
            {
              "name": "out",
              "path": "/nix/store/7ycp8j45iay38g9mjaxmy4jhwdsrb47y-go-1.26.3",
              "default": true
            }
          ],
          "store_path": "/nix/store/7ycp8j45iay38g9mjaxmy4jhwdsrb47y-go-1.26.3"
        },
        "aarch64-linux": {
          "outputs": [
            {
              "name": "out",
              "path": "/nix/store/jkcwcbwvhgzmxg59798z4clmj4bfv42i-go-1.26.3",
              "default": true
            }
          ],
          "store_path": "/nix/store/jkcwcbwvhgzmxg59798z4clmj4bfv42i-go-1.26.3"
        },
        "x86_64-darwin": {
          "outputs": [
            {
              "name": "out",
              "path": "/nix/store/3f2jzvxmhhlarjqxy1p7i9r5l34siz29-go-1.26.3",
              "default": true
            }
          ],
          "store_path": "/nix/store/3f2jzvxmhhlarjqxy1p7i9r5l34siz29-go-1.26.3"
        },
        "x86_64-linux": {
          "outputs": [
            {
              "name": "out",
              "path": "/nix/store/33fw5m31lfcnk4ff2f0df7j2bxnh8lgk-go-1.26.3",
              "default": true
            }
          ],
          "store_path": "/nix/store/33fw5m31lfcnk4ff2f0df7j2bxnh8lgk-go-1.26.3"
        }
      }
    },
    "google-cloud-sdk@latest": {
      "last_modified": "2026-05-29T05:01:12Z",
      "resolved": "github:NixOS/nixpkgs/e9a7635a57597d9754eccebdfc7045e6c8600e6b#google-cloud-sdk",
      "source": "devbox-search",
      "version": "570.0.0",
      "systems": {
        "aarch64-darwin": {
          "outputs": [
            {
              "name": "out",
              "path": "/nix/store/y5svxfaxrl92zd4x07jyv6svhz3m1175-google-cloud-sdk-570.0.0",
              "default": true
            }
          ],
          "store_path": "/nix/store/y5svxfaxrl92zd4x07jyv6svhz3m1175-google-cloud-sdk-570.0.0"
        },
        "aarch64-linux": {
          "outputs": [
            {
              "name": "out",
              "path": "/nix/store/h772xilvbxs42f46zlz048xs6gw3q29w-google-cloud-sdk-570.0.0",
              "default": true
            }
          ],
          "store_path": "/nix/store/h772xilvbxs42f46zlz048xs6gw3q29w-google-cloud-sdk-570.0.0"
        },
        "x86_64-darwin": {
          "outputs": [
            {
              "name": "out",
              "path": "/nix/store/n20bvqa51q5iwdqnqd9hzspk8g9bbfib-google-cloud-sdk-570.0.0",
              "default": true
            }
          ],
          "store_path": "/nix/store/n20bvqa51q5iwdqnqd9hzspk8g9bbfib-google-cloud-sdk-570.0.0"
        },
        "x86_64-linux": {
          "outputs": [
            {
              "name": "out",
              "path": "/nix/store/4si68r2f9q5g5hkrzdk7p9sshmsgzrjr-google-cloud-sdk-570.0.0",
              "default": true
            }
          ],
          "store_path": "/nix/store/4si68r2f9q5g5hkrzdk7p9sshmsgzrjr-google-cloud-sdk-570.0.0"
        }
      }
    },
    "jdk@21": {
      "last_modified": "2025-10-22T20:59:19Z",
      "resolved": "github:NixOS/nixpkgs/01b6809f7f9d1183a2b3e081f0a1e6f8f415cb09#jdk",
      "source": "devbox-search",
      "version": "21.0.9+8",
      "systems": {
        "aarch64-linux": {
          "outputs": [
            {
              "name": "out",
              "path": "/nix/store/gxjm3qjq9kyvi5hv7r4s8ngbkg1d94df-openjdk-21.0.9+8",
              "default": true
            },
            {
              "name": "debug",
              "path": "/nix/store/sz9izpfkgi9nw3s9fz8vik9qn01vkx4d-openjdk-21.0.9+8-debug"
            }
          ],
          "store_path": "/nix/store/gxjm3qjq9kyvi5hv7r4s8ngbkg1d94df-openjdk-21.0.9+8"
        },
        "x86_64-linux": {
          "outputs": [
            {
              "name": "out",
              "path": "/nix/store/l5z1hqq6l223379w6f25fibniz16g2s9-openjdk-21.0.9+8",
              "default": true
            },
            {
              "name": "debug",
              "path": "/nix/store/pgkj2381fcdrbx9w85h162cigdgyn7j2-openjdk-21.0.9+8-debug"
            }
          ],
          "store_path": "/nix/store/l5z1hqq6l223379w6f25fibniz16g2s9-openjdk-21.0.9+8"
        }
      }
    },
    "kind@latest": {
      "last_modified": "2026-08-27T07:16:00Z",
      "resolved": "github:NixOS/nixpkgs/c27cdad491a991b11ed731760aa2ef8db0cb0410#kind",
      "source": "devbox-search",
      "version": "0.32.0",
      "systems": {
        "aarch64-darwin": {
          "outputs": [
            {
              "name": "out",
              "path": "/nix/store/jzvzpvkccqz0lsqlnvm74cf8kyl66m6k-kind-0.32.0",
              "default": true
            }
          ],
          "store_path": "/nix/store/jzvzpvkccqz0lsqlnvm74cf8kyl66m6k-kind-0.32.0"
        },
        "aarch64-linux": {
          "outputs": [
            {
              "name": "out",
              "path": "/nix/store/l4k5xwn2j8r5pazgky3k1467iwygphrf-kind-0.32.0",
              "default": true
            }
          ],
          "store_path": "/nix/store/l4k5xwn2j8r5pazgky3k1467iwygphrf-kind-0.32.0"
        },
        "x86_64-linux": {
          "outputs": [
            {
              "name": "out",
              "path": "/nix/store/8h2y0wx7cv9iax5rzkyjl07a494qxygl-kind-0.32.0",
              "default": true
            }
          ],
          "store_path": "/nix/store/8h2y0wx7cv9iax5rzkyjl07a494qxygl-kind-0.32.0"
        }
      }
    },
    "kubectl@latest": {
      "last_modified": "2026-08-27T07:16:00Z",
      "resolved": "github:NixOS/nixpkgs/c27cdad491a991b11ed731760aa2ef8db0cb0410#kubectl",
      "source": "devbox-search",
      "version": "1.36.3",
      "systems": {
        "aarch64-darwin": {
          "outputs": [
            {
              "name": "out",
              "path": "/nix/store/4ly3f60sf2y8lx4ad4nlv4d4xzm49cai-kubectl-1.36.3",
              "default": true
            },
            {
              "name": "man",
              "path": "/nix/store/j4lcjil024kv6xli1y03whn4rv1x1ifv-kubectl-1.36.3-man",
              "default": true
            },
            {
              "name": "convert",
              "path": "/nix/store/rq7cbnikbk7khmqczsglknfhfgykwkbf-kubectl-1.36.3-convert"
            }
          ],
          "store_path": "/nix/store/4ly3f60sf2y8lx4ad4nlv4d4xzm49cai-kubectl-1.36.3"
        },
        "aarch64-linux": {
          "outputs": [
            {
              "name": "out",
              "path": "/nix/store/pxr2n9hcw5r5c9pbyqhangbwvc3yv8yw-kubectl-1.36.3",
              "default": true
            },
            {
              "name": "man",
              "path": "/nix/store/n9ya3i139xw7jcb3x44b1lmwswilfwxk-kubectl-1.36.3-man",
              "default": true
            },
            {
              "name": "convert",
              "path": "/nix/store/6xj3wx8zkh4nj0dfg14v6cmbpaxqrzz7-kubectl-1.36.3-convert"
            }
          ],
          "store_path": "/nix/store/pxr2n9hcw5r5c9pbyqhangbwvc3yv8yw-kubectl-1.36.3"
        },
        "x86_64-linux": {
          "outputs": [
            {
              "name": "out",
              "path": "/nix/store/s28gqkd497rb4bvm56w72jyarqgmhlzz-kubectl-1.36.3",
              "default": true
            },
            {
              "name": "man",
              "path": "/nix/store/kxhnlzm663cpz4pbd7wkq4n73578ak4z-kubectl-1.36.3-man",
              "default": true
            },
            {
              "name": "convert",
              "path": "/nix/store/szx0vjljdh6rp8nxwdnpkz7g4fvvnk9h-kubectl-1.36.3-convert"
            }
          ],
          "store_path": "/nix/store/s28gqkd497rb4bvm56w72jyarqgmhlzz-kubectl-1.36.3"
        }
      }
    },
    "oci-cli@latest": {
      "last_modified": "2026-05-31T16:57:23Z",
      "resolved": "github:NixOS/nixpkgs/3109eaae18e09d0b8aef23dc2579e7d94b8d4b4e#oci-cli",
      "source": "devbox-search",
      "version": "3.84.0",
      "systems": {
        "aarch64-darwin": {
          "outputs": [
            {
              "name": "out",
              "path": "/nix/store/5asp4dk52gk35q3ygr32qh56jp6x6ap0-oci-cli-3.84.0",
              "default": true
            },
            {
              "name": "dist",
              "path": "/nix/store/ray6bl9vxgmbp5k9vn1gq65lfp5xg9wr-oci-cli-3.84.0-dist"
            }
          ],
          "store_path": "/nix/store/5asp4dk52gk35q3ygr32qh56jp6x6ap0-oci-cli-3.84.0"
        },
        "aarch64-linux": {
          "outputs": [
            {
              "name": "out",
              "path": "/nix/store/ykl34jxbyzzmsif7gxchnlw21gy6sc56-oci-cli-3.84.0",
              "default": true
            },
            {
              "name": "dist",
              "path": "/nix/store/f0h8jw8c8224k2iq7ng2z79kpx7f06cq-oci-cli-3.84.0-dist"
            }
          ],
          "store_path": "/nix/store/ykl34jxbyzzmsif7gxchnlw21gy6sc56-oci-cli-3.84.0"
        },
        "x86_64-darwin": {
          "outputs": [
            {
              "name": "out",
              "path": "/nix/store/n2my3llm15gq57xn737r840rc97cjgsx-oci-cli-3.84.0",
              "default": true
            },
            {
              "name": "dist",
              "path": "/nix/store/qs1sg4746b2cxgk1x6x08spmhivyl9r3-oci-cli-3.84.0-dist"
            }
          ],
          "store_path": "/nix/store/n2my3llm15gq57xn737r840rc97cjgsx-oci-cli-3.84.0"
        },
        "x86_64-linux": {
          "outputs": [
            {
              "name": "out",
              "path": "/nix/store/l5qbffpl1nl2fsp4ipv81rb3r1zjw8w2-oci-cli-3.84.0",
              "default": true
            },
            {
              "name": "dist",
              "path": "/nix/store/jkp1qrhvsa34ba54xc4gxp2n9l37ypkz-oci-cli-3.84.0-dist"
            }
          ],
          "store_path": "/nix/store/l5qbffpl1nl2fsp4ipv81rb3r1zjw8w2-oci-cli-3.84.0"
        }
      }
    },
    "quint@latest": {
      "last_modified": "2026-08-27T07:16:00Z",
      "resolved": "github:NixOS/nixpkgs/c27cdad491a991b11ed731760aa2ef8db0cb0410#quint",
      "source": "devbox-search",
      "version": "0.32.0",
      "systems": {
        "aarch64-darwin": {
          "outputs": [
            {
              "name": "out",
              "path": "/nix/store/cma2isc46lrmfp65s0jg8z57gjvpzn6f-quint-0.32.0",
              "default": true
            }
          ],
          "store_path": "/nix/store/cma2isc46lrmfp65s0jg8z57gjvpzn6f-quint-0.32.0"
        },
        "aarch64-linux": {
          "outputs": [
            {
              "name": "out",
              "path": "/nix/store/1c2j7hz74lrnx5p66j5mzv45b4wcahcv-quint-0.32.0",
              "default": true
            }
          ],
          "store_path": "/nix/store/1c2j7hz74lrnx5p66j5mzv45b4wcahcv-quint-0.32.0"
        },
        "x86_64-darwin": {
          "outputs": [
            {
              "name": "out",
              "path": "/nix/store/na3qgjrspkjyrgixvc4zc0ccsk37nrlw-quint-0.32.0",
              "default": true
            }
          ],
          "store_path": "/nix/store/na3qgjrspkjyrgixvc4zc0ccsk37nrlw-quint-0.32.0"
        },
        "x86_64-linux": {
          "outputs": [
            {
              "name": "out",
              "path": "/nix/store/s90yin0j1q75gr8iyr11qxqzbjdssv25-quint-0.32.0",
              "default": true
            }
          ],
          "store_path": "/nix/store/s90yin0j1q75gr8iyr11qxqzbjdssv25-quint-0.32.0"
        }
      }
    },
    "rustc@latest": {
      "last_modified": "2026-08-27T07:16:00Z",
      "plugin_version": "0.0.1",
      "resolved": "github:NixOS/nixpkgs/c27cdad491a991b11ed731760aa2ef8db0cb0410#rustc",
      "source": "devbox-search",
      "version": "1.97.1",
      "systems": {
        "aarch64-darwin": {
          "outputs": [
            {
              "name": "out",
              "path": "/nix/store/swrk83krgf2iaqd7a1bs0pg1sinlz5ds-rustc-wrapper-1.97.1",
              "default": true
            },
            {
              "name": "man",
              "path": "/nix/store/grw7ifdixkdr4ya8bw5x0psjyfr5azva-rustc-wrapper-1.97.1-man",
              "default": true
            },
            {
              "name": "doc",
              "path": "/nix/store/8qkha38sic70l51g4l7dmjrxnzqjrr6w-rustc-wrapper-1.97.1-doc"
            }
          ],
          "store_path": "/nix/store/swrk83krgf2iaqd7a1bs0pg1sinlz5ds-rustc-wrapper-1.97.1"
        },
        "aarch64-linux": {
          "outputs": [
            {
              "name": "out",
              "path": "/nix/store/d6bnbpk6jr95frzmmksda4r7l3v8d3m6-rustc-wrapper-1.97.1",
              "default": true
            },
            {
              "name": "man",
              "path": "/nix/store/hn340n5pi9p30j4bcxgzqgq8lmclg1by-rustc-wrapper-1.97.1-man",
              "default": true
            },
            {
              "name": "doc",
              "path": "/nix/store/avbwjkw896rb3nl28kh8qv6kxyq5b9v2-rustc-wrapper-1.97.1-doc"
            }
          ],
          "store_path": "/nix/store/d6bnbpk6jr95frzmmksda4r7l3v8d3m6-rustc-wrapper-1.97.1"
        },
        "x86_64-linux": {
          "outputs": [
            {
              "name": "out",
              "path": "/nix/store/yaa1sq5g4jar7rvlspy7kk2wd98nj6qh-rustc-wrapper-1.97.1",
              "default": true
            },
            {
              "name": "man",
              "path": "/nix/store/an2hvf5i7mq52mqdad9rad8mxkpksmq2-rustc-wrapper-1.97.1-man",
              "default": true
            },
            {
              "name": "doc",
              "path": "/nix/store/8svfp79q0gx10gcrsyxf1pw04q8jf0lp-rustc-wrapper-1.97.1-doc"
            }
          ],
          "store_path": "/nix/store/yaa1sq5g4jar7rvlspy7kk2wd98nj6qh-rustc-wrapper-1.97.1"
        }
      }
    },
    "yq-go@latest": {
      "last_modified": "2026-05-21T08:15:18Z",
      "resolved": "github:NixOS/nixpkgs/4a29d733e8a7d5b824c3d8c958a946a9867b3eb2#yq-go",
      "source": "devbox-search",
      "version": "4.53.2",
      "systems": {
        "aarch64-darwin": {
          "outputs": [
            {
              "name": "out",
              "path": "/nix/store/6fgh5bnsfx5abbdvr1ncd6r11yrm5cw2-yq-go-4.53.2",
              "default": true
            }
          ],
          "store_path": "/nix/store/6fgh5bnsfx5abbdvr1ncd6r11yrm5cw2-yq-go-4.53.2"
        },
        "aarch64-linux": {
          "outputs": [
            {
              "name": "out",
              "path": "/nix/store/3hsajqhhm8m9nx306jh09m1qz4idwmxk-yq-go-4.53.2",
              "default": true
            }
          ],
          "store_path": "/nix/store/3hsajqhhm8m9nx306jh09m1qz4idwmxk-yq-go-4.53.2"
        },
        "x86_64-darwin": {
          "outputs": [
            {
              "name": "out",
              "path": "/nix/store/nyb7m5nd3qpx4y50sd8l86796hglwrfg-yq-go-4.53.2",
              "default": true
            }
          ],
          "store_path": "/nix/store/nyb7m5nd3qpx4y50sd8l86796hglwrfg-yq-go-4.53.2"
        },
        "x86_64-linux": {
          "outputs": [
            {
              "name": "out",
              "path": "/nix/store/pibhm258wp416plqdaxym4z6lis8ksla-yq-go-4.53.2",
              "default": true
            }
          ],
          "store_path": "/nix/store/pibhm258wp416plqdaxym4z6lis8ksla-yq-go-4.53.2"
        }
      }
    }
  }
}
